
Microsoft Visual Studio Solution File, Format Version 12.00
# Visual Studio Version 16
VisualStudioVersion = 16.0.30320.27
MinimumVisualStudioVersion = 10.0.40219.1
Project("{FAE04EC0-301F-11D3-BF4B-00C04F79EFBC}") = "HeaderLinkedList", "HeaderLinkedList\HeaderLinkedList.csproj", "{9849CEAB-C3F3-40E4-B68A-87DF7E599182}"
EndProject
Global
	GlobalSection(SolutionConfigurationPlatforms) = preSolution
		Debug|Any CPU = Debug|Any CPU
		Release|Any CPU = Release|Any CPU
	EndGlobalSection
	GlobalSection(ProjectConfigurationPlatforms) = postSolution
		{9849CEAB-C3F3-40E4-B68A-87DF7E599182}.Debug|Any CPU.ActiveCfg = Debug|Any CPU
		{9849CEAB-C3F3-40E4-B68A-87DF7E599182}.Debug|Any CPU.Build.0 = Debug|Any CPU
		{9849CEAB-C3F3-40E4-B68A-87DF7E599182}.Release|Any CPU.ActiveCfg = Release|Any CPU
		{9849CEAB-C3F3-40E4-B68A-87DF7E599182}.Release|Any CPU.Build.0 = Release|Any CPU
	EndGlobalSection
	GlobalSection(SolutionProperties) = preSolution
		HideSolutionNode = FALSE
	EndGlobalSection
	GlobalSection(ExtensibilityGlobals) = postSolution
		SolutionGuid = {F952C113-5AA4-44DE-AF57-5BABD05A282A}
	EndGlobalSection
EndGlobal
